
Microsoft Visual Studio Solution File, Format Version 12.00
# Visual Studio Version 17
VisualStudioVersion = 17.10.34902.84
MinimumVisualStudioVersion = 10.0.40219.1
Project("{9A19103F-16F7-4668-BE54-9A1E7A4F7556}") = "Acme.BookStore.Domain", "src\Acme.BookStore.Domain\Acme.BookStore.Domain.csproj", "{554AD327-6DBA-4F8F-96F8-81CE7A0C863F}"
EndProject
Project("{9A19103F-16F7-4668-BE54-9A1E7A4F7556}") = "Acme.BookStore.Application", "src\Acme.BookStore.Application\Acme.BookStore.Application.csproj", "{1A94A50E-06DC-43C1-80B5-B662820EC3EB}"
EndProject
Project("{9A19103F-16F7-4668-BE54-9A1E7A4F7556}") = "Acme.BookStore.EntityFrameworkCore", "src\Acme.BookStore.EntityFrameworkCore\Acme.BookStore.EntityFrameworkCore.csproj", "{C956DD76-69C8-4A9C-83EA-D17DF83340FD}"
EndProject
Project("{2150E333-8FDC-42A3-9474-1A3956D46DE8}") = "src", "src", "{CA9AC87F-097E-4F15-8393-4BC07735A5B0}"
EndProject
Project("{2150E333-8FDC-42A3-9474-1A3956D46DE8}") = "test", "test", "{04DBDB01-70F4-4E06-B468-8F87850B22BE}"
EndProject
Project("{9A19103F-16F7-4668-BE54-9A1E7A4F7556}") = "Acme.BookStore.Application.Tests", "test\Acme.BookStore.Application.Tests\Acme.BookStore.Application.Tests.csproj", "{50B2631D-129C-47B3-A587-029CCD6099BC}"
EndProject
Project("{9A19103F-16F7-4668-BE54-9A1E7A4F7556}") = "Acme.BookStore.Domain.Shared", "src\Acme.BookStore.Domain.Shared\Acme.BookStore.Domain.Shared.csproj", "{42F719ED-8413-4895-B5B4-5AB56079BC66}"
EndProject
Project("{9A19103F-16F7-4668-BE54-9A1E7A4F7556}") = "Acme.BookStore.Application.Contracts", "src\Acme.BookStore.Application.Contracts\Acme.BookStore.Application.Contracts.csproj", "{520659C8-C734-4298-A3DA-B539DB9DFC0B}"
EndProject
Project("{9A19103F-16F7-4668-BE54-9A1E7A4F7556}") = "Acme.BookStore.HttpApi", "src\Acme.BookStore.HttpApi\Acme.BookStore.HttpApi.csproj", "{4164BDF7-F527-4E85-9CE6-E3C2D7426A27}"
EndProject
Project("{9A19103F-16F7-4668-BE54-9A1E7A4F7556}") = "Acme.BookStore.HttpApi.Client", "src\Acme.BookStore.HttpApi.Client\Acme.BookStore.HttpApi.Client.csproj", "{3B5A0094-670D-4BB1-BFDD-61B88A8773DC}"
EndProject
Project("{9A19103F-16F7-4668-BE54-9A1E7A4F7556}") = "Acme.BookStore.AuthServer", "src\Acme.BookStore.AuthServer\Acme.BookStore.AuthServer.csproj", "{073C361E-B8F4-49F5-93CC-72A3FF49C026}"
EndProject
Project("{9A19103F-16F7-4668-BE54-9A1E7A4F7556}") = "Acme.BookStore.HttpApi.Host", "src\Acme.BookStore.HttpApi.Host\Acme.BookStore.HttpApi.Host.csproj", "{E6D5BF0E-DE92-4D82-A352-EF04B37CB11C}"
EndProject
Project("{9A19103F-16F7-4668-BE54-9A1E7A4F7556}") = "Acme.BookStore.EntityFrameworkCore.Tests", "test\Acme.BookStore.EntityFrameworkCore.Tests\Acme.BookStore.EntityFrameworkCore.Tests.csproj", "{1FE30EB9-74A9-47F5-A9F6-7B1FAB672D81}"
EndProject
Project("{9A19103F-16F7-4668-BE54-9A1E7A4F7556}") = "Acme.BookStore.TestBase", "test\Acme.BookStore.TestBase\Acme.BookStore.TestBase.csproj", "{91853F21-9CD9-4132-BC29-A7D5D84FFFE7}"
EndProject
Project("{9A19103F-16F7-4668-BE54-9A1E7A4F7556}") = "Acme.BookStore.Domain.Tests", "test\Acme.BookStore.Domain.Tests\Acme.BookStore.Domain.Tests.csproj", "{E512F4D9-9375-480F-A2F6-A46509F9D824}"
EndProject
Project("{9A19103F-16F7-4668-BE54-9A1E7A4F7556}") = "Acme.BookStore.HttpApi.Client.ConsoleTestApp", "test\Acme.BookStore.HttpApi.Client.ConsoleTestApp\Acme.BookStore.HttpApi.Client.ConsoleTestApp.csproj", "{EF480016-9127-4916-8735-D2466BDBC582}"
EndProject
Project("{9A19103F-16F7-4668-BE54-9A1E7A4F7556}") = "Acme.BookStore.DbMigrator", "src\Acme.BookStore.DbMigrator\Acme.BookStore.DbMigrator.csproj", "{AA94D832-1CCC-4715-95A9-A483F23A1A5D}"
EndProject
Project("{2150E333-8FDC-42A3-9474-1A3956D46DE8}") = "publish", "publish", "{FE3790D4-6608-4657-84C4-9AB959A6CE74}"
EndProject
Project("{2150E333-8FDC-42A3-9474-1A3956D46DE8}") = "common", "common", "{9D88B388-9A48-4127-A9E9-1F7C414A854A}"
EndProject
Project("{2150E333-8FDC-42A3-9474-1A3956D46DE8}") = "domain", "domain", "{06F49DFF-153C-4DBB-BE22-C0DBB7FC9671}"
EndProject
Project("{2150E333-8FDC-42A3-9474-1A3956D46DE8}") = "infrastructure", "infrastructure", "{B154E1CE-00F8-4D8E-AFB9-72A590B102F1}"
EndProject
Project("{2150E333-8FDC-42A3-9474-1A3956D46DE8}") = "identity", "identity", "{3CF06084-371C-4C24-A002-57EF106F8662}"
EndProject
Project("{2150E333-8FDC-42A3-9474-1A3956D46DE8}") = "admin", "admin", "{594B833F-BDFC-473E-B24D-FB0EA262EA00}"
EndProject
Project("{9A19103F-16F7-4668-BE54-9A1E7A4F7556}") = "Acme.BookStore.Admin.Application", "src\Acme.BookStore.Admin.Application\Acme.BookStore.Admin.Application.csproj", "{1E7925EE-A4E0-47A4-9A3F-8C0AD31F812C}"
EndProject
Project("{9A19103F-16F7-4668-BE54-9A1E7A4F7556}") = "Acme.BookStore.Admin.Application.Contracts", "src\Acme.BookStore.Admin.Application.Contracts\Acme.BookStore.Admin.Application.Contracts.csproj", "{099065BF-DBB1-4EB1-91AF-FFAE2923FBD2}"
EndProject
Project("{9A19103F-16F7-4668-BE54-9A1E7A4F7556}") = "Acme.BookStore.Admin.HttpApi", "src\Acme.BookStore.Admin.HttpApi\Acme.BookStore.Admin.HttpApi.csproj", "{2CD065A9-6572-4BC8-AEA1-F371EDAD1A98}"
EndProject
Project("{9A19103F-16F7-4668-BE54-9A1E7A4F7556}") = "Acme.BookStore.Admin.HttpApi.Client", "src\Acme.BookStore.Admin.HttpApi.Client\Acme.BookStore.Admin.HttpApi.Client.csproj", "{20524C5A-689A-475F-8FDF-F59F42862955}"
EndProject
Project("{9A19103F-16F7-4668-BE54-9A1E7A4F7556}") = "Acme.BookStore.Admin.HttpApi.Host", "src\Acme.BookStore.Admin.HttpApi.Host\Acme.BookStore.Admin.HttpApi.Host.csproj", "{4F387859-08AA-48F5-8310-F48223249AD3}"
EndProject
Project("{2150E333-8FDC-42A3-9474-1A3956D46DE8}") = "publish", "publish", "{37CA788B-A833-41EA-898F-32AF25E7B343}"
EndProject
Project("{2150E333-8FDC-42A3-9474-1A3956D46DE8}") = "admin", "admin", "{5A228963-2263-4C1C-9C21-0C9BB2684321}"
EndProject
Project("{9A19103F-16F7-4668-BE54-9A1E7A4F7556}") = "Acme.BookStore.Admin.Application.Tests", "test\Acme.BookStore.Admin.Application.Tests\Acme.BookStore.Admin.Application.Tests.csproj", "{8555B75C-3915-4C84-A7F6-9145A68C7E53}"
EndProject
Project("{9A19103F-16F7-4668-BE54-9A1E7A4F7556}") = "Acme.BookStore.Admin.HttpApi.Client.ConsoleTestApp", "test\Acme.BookStore.Admin.HttpApi.Client.ConsoleTestApp\Acme.BookStore.Admin.HttpApi.Client.ConsoleTestApp.csproj", "{A09FC3CC-6D40-4D1D-A0FB-B682C4D36ACE}"
EndProject
Project("{2150E333-8FDC-42A3-9474-1A3956D46DE8}") = "shared", "shared", "{BB41CB3A-8E1D-4FD7-A4E2-C7854C404ECD}"
EndProject
Global
	GlobalSection(SolutionConfigurationPlatforms) = preSolution
		Debug|Any CPU = Debug|Any CPU
		Release|Any CPU = Release|Any CPU
	EndGlobalSection
	GlobalSection(ProjectConfigurationPlatforms) = postSolution
		{554AD327-6DBA-4F8F-96F8-81CE7A0C863F}.Debug|Any CPU.ActiveCfg = Debug|Any CPU
		{554AD327-6DBA-4F8F-96F8-81CE7A0C863F}.Debug|Any CPU.Build.0 = Debug|Any CPU
		{554AD327-6DBA-4F8F-96F8-81CE7A0C863F}.Release|Any CPU.ActiveCfg = Release|Any CPU
		{554AD327-6DBA-4F8F-96F8-81CE7A0C863F}.Release|Any CPU.Build.0 = Release|Any CPU
		{1A94A50E-06DC-43C1-80B5-B662820EC3EB}.Debug|Any CPU.ActiveCfg = Debug|Any CPU
		{1A94A50E-06DC-43C1-80B5-B662820EC3EB}.Debug|Any CPU.Build.0 = Debug|Any CPU
		{1A94A50E-06DC-43C1-80B5-B662820EC3EB}.Release|Any CPU.ActiveCfg = Release|Any CPU
		{1A94A50E-06DC-43C1-80B5-B662820EC3EB}.Release|Any CPU.Build.0 = Release|Any CPU
		{C956DD76-69C8-4A9C-83EA-D17DF83340FD}.Debug|Any CPU.ActiveCfg = Debug|Any CPU
		{C956DD76-69C8-4A9C-83EA-D17DF83340FD}.Debug|Any CPU.Build.0 = Debug|Any CPU
		{C956DD76-69C8-4A9C-83EA-D17DF83340FD}.Release|Any CPU.ActiveCfg = Release|Any CPU
		{C956DD76-69C8-4A9C-83EA-D17DF83340FD}.Release|Any CPU.Build.0 = Release|Any CPU
		{50B2631D-129C-47B3-A587-029CCD6099BC}.Debug|Any CPU.ActiveCfg = Debug|Any CPU
		{50B2631D-129C-47B3-A587-029CCD6099BC}.Debug|Any CPU.Build.0 = Debug|Any CPU
		{50B2631D-129C-47B3-A587-029CCD6099BC}.Release|Any CPU.ActiveCfg = Release|Any CPU
		{50B2631D-129C-47B3-A587-029CCD6099BC}.Release|Any CPU.Build.0 = Release|Any CPU
		{42F719ED-8413-4895-B5B4-5AB56079BC66}.Debug|Any CPU.ActiveCfg = Debug|Any CPU
		{42F719ED-8413-4895-B5B4-5AB56079BC66}.Debug|Any CPU.Build.0 = Debug|Any CPU
		{42F719ED-8413-4895-B5B4-5AB56079BC66}.Release|Any CPU.ActiveCfg = Release|Any CPU
		{42F719ED-8413-4895-B5B4-5AB56079BC66}.Release|Any CPU.Build.0 = Release|Any CPU
		{520659C8-C734-4298-A3DA-B539DB9DFC0B}.Debug|Any CPU.ActiveCfg = Debug|Any CPU
		{520659C8-C734-4298-A3DA-B539DB9DFC0B}.Debug|Any CPU.Build.0 = Debug|Any CPU
		{520659C8-C734-4298-A3DA-B539DB9DFC0B}.Release|Any CPU.ActiveCfg = Release|Any CPU
		{520659C8-C734-4298-A3DA-B539DB9DFC0B}.Release|Any CPU.Build.0 = Release|Any CPU
		{4164BDF7-F527-4E85-9CE6-E3C2D7426A27}.Debug|Any CPU.ActiveCfg = Debug|Any CPU
		{4164BDF7-F527-4E85-9CE6-E3C2D7426A27}.Debug|Any CPU.Build.0 = Debug|Any CPU
		{4164BDF7-F527-4E85-9CE6-E3C2D7426A27}.Release|Any CPU.ActiveCfg = Release|Any CPU
		{4164BDF7-F527-4E85-9CE6-E3C2D7426A27}.Release|Any CPU.Build.0 = Release|Any CPU
		{3B5A0094-670D-4BB1-BFDD-61B88A8773DC}.Debug|Any CPU.ActiveCfg = Debug|Any CPU
		{3B5A0094-670D-4BB1-BFDD-61B88A8773DC}.Debug|Any CPU.Build.0 = Debug|Any CPU
		{3B5A0094-670D-4BB1-BFDD-61B88A8773DC}.Release|Any CPU.ActiveCfg = Release|Any CPU
		{3B5A0094-670D-4BB1-BFDD-61B88A8773DC}.Release|Any CPU.Build.0 = Release|Any CPU
		{073C361E-B8F4-49F5-93CC-72A3FF49C026}.Debug|Any CPU.ActiveCfg = Debug|Any CPU
		{073C361E-B8F4-49F5-93CC-72A3FF49C026}.Debug|Any CPU.Build.0 = Debug|Any CPU
		{073C361E-B8F4-49F5-93CC-72A3FF49C026}.Release|Any CPU.ActiveCfg = Release|Any CPU
		{073C361E-B8F4-49F5-93CC-72A3FF49C026}.Release|Any CPU.Build.0 = Release|Any CPU
		{E6D5BF0E-DE92-4D82-A352-EF04B37CB11C}.Debug|Any CPU.ActiveCfg = Debug|Any CPU
		{E6D5BF0E-DE92-4D82-A352-EF04B37CB11C}.Debug|Any CPU.Build.0 = Debug|Any CPU
		{E6D5BF0E-DE92-4D82-A352-EF04B37CB11C}.Release|Any CPU.ActiveCfg = Release|Any CPU
		{E6D5BF0E-DE92-4D82-A352-EF04B37CB11C}.Release|Any CPU.Build.0 = Release|Any CPU
		{1FE30EB9-74A9-47F5-A9F6-7B1FAB672D81}.Debug|Any CPU.ActiveCfg = Debug|Any CPU
		{1FE30EB9-74A9-47F5-A9F6-7B1FAB672D81}.Debug|Any CPU.Build.0 = Debug|Any CPU
		{1FE30EB9-74A9-47F5-A9F6-7B1FAB672D81}.Release|Any CPU.ActiveCfg = Release|Any CPU
		{1FE30EB9-74A9-47F5-A9F6-7B1FAB672D81}.Release|Any CPU.Build.0 = Release|Any CPU
		{91853F21-9CD9-4132-BC29-A7D5D84FFFE7}.Debug|Any CPU.ActiveCfg = Debug|Any CPU
		{91853F21-9CD9-4132-BC29-A7D5D84FFFE7}.Debug|Any CPU.Build.0 = Debug|Any CPU
		{91853F21-9CD9-4132-BC29-A7D5D84FFFE7}.Release|Any CPU.ActiveCfg = Release|Any CPU
		{91853F21-9CD9-4132-BC29-A7D5D84FFFE7}.Release|Any CPU.Build.0 = Release|Any CPU
		{E512F4D9-9375-480F-A2F6-A46509F9D824}.Debug|Any CPU.ActiveCfg = Debug|Any CPU
		{E512F4D9-9375-480F-A2F6-A46509F9D824}.Debug|Any CPU.Build.0 = Debug|Any CPU
		{E512F4D9-9375-480F-A2F6-A46509F9D824}.Release|Any CPU.ActiveCfg = Release|Any CPU
		{E512F4D9-9375-480F-A2F6-A46509F9D824}.Release|Any CPU.Build.0 = Release|Any CPU
		{EF480016-9127-4916-8735-D2466BDBC582}.Debug|Any CPU.ActiveCfg = Debug|Any CPU
		{EF480016-9127-4916-8735-D2466BDBC582}.Debug|Any CPU.Build.0 = Debug|Any CPU
		{EF480016-9127-4916-8735-D2466BDBC582}.Release|Any CPU.ActiveCfg = Release|Any CPU
		{EF480016-9127-4916-8735-D2466BDBC582}.Release|Any CPU.Build.0 = Release|Any CPU
		{AA94D832-1CCC-4715-95A9-A483F23A1A5D}.Debug|Any CPU.ActiveCfg = Debug|Any CPU
		{AA94D832-1CCC-4715-95A9-A483F23A1A5D}.Debug|Any CPU.Build.0 = Debug|Any CPU
		{AA94D832-1CCC-4715-95A9-A483F23A1A5D}.Release|Any CPU.ActiveCfg = Release|Any CPU
		{AA94D832-1CCC-4715-95A9-A483F23A1A5D}.Release|Any CPU.Build.0 = Release|Any CPU
		{1E7925EE-A4E0-47A4-9A3F-8C0AD31F812C}.Debug|Any CPU.ActiveCfg = Debug|Any CPU
		{1E7925EE-A4E0-47A4-9A3F-8C0AD31F812C}.Debug|Any CPU.Build.0 = Debug|Any CPU
		{1E7925EE-A4E0-47A4-9A3F-8C0AD31F812C}.Release|Any CPU.ActiveCfg = Release|Any CPU
		{1E7925EE-A4E0-47A4-9A3F-8C0AD31F812C}.Release|Any CPU.Build.0 = Release|Any CPU
		{099065BF-DBB1-4EB1-91AF-FFAE2923FBD2}.Debug|Any CPU.ActiveCfg = Debug|Any CPU
		{099065BF-DBB1-4EB1-91AF-FFAE2923FBD2}.Debug|Any CPU.Build.0 = Debug|Any CPU
		{099065BF-DBB1-4EB1-91AF-FFAE2923FBD2}.Release|Any CPU.ActiveCfg = Release|Any CPU
		{099065BF-DBB1-4EB1-91AF-FFAE2923FBD2}.Release|Any CPU.Build.0 = Release|Any CPU
		{2CD065A9-6572-4BC8-AEA1-F371EDAD1A98}.Debug|Any CPU.ActiveCfg = Debug|Any CPU
		{2CD065A9-6572-4BC8-AEA1-F371EDAD1A98}.Debug|Any CPU.Build.0 = Debug|Any CPU
		{2CD065A9-6572-4BC8-AEA1-F371EDAD1A98}.Release|Any CPU.ActiveCfg = Release|Any CPU
		{2CD065A9-6572-4BC8-AEA1-F371EDAD1A98}.Release|Any CPU.Build.0 = Release|Any CPU
		{20524C5A-689A-475F-8FDF-F59F42862955}.Debug|Any CPU.ActiveCfg = Debug|Any CPU
		{20524C5A-689A-475F-8FDF-F59F42862955}.Debug|Any CPU.Build.0 = Debug|Any CPU
		{20524C5A-689A-475F-8FDF-F59F42862955}.Release|Any CPU.ActiveCfg = Release|Any CPU
		{20524C5A-689A-475F-8FDF-F59F42862955}.Release|Any CPU.Build.0 = Release|Any CPU
		{4F387859-08AA-48F5-8310-F48223249AD3}.Debug|Any CPU.ActiveCfg = Debug|Any CPU
		{4F387859-08AA-48F5-8310-F48223249AD3}.Debug|Any CPU.Build.0 = Debug|Any CPU
		{4F387859-08AA-48F5-8310-F48223249AD3}.Release|Any CPU.ActiveCfg = Release|Any CPU
		{4F387859-08AA-48F5-8310-F48223249AD3}.Release|Any CPU.Build.0 = Release|Any CPU
		{8555B75C-3915-4C84-A7F6-9145A68C7E53}.Debug|Any CPU.ActiveCfg = Debug|Any CPU
		{8555B75C-3915-4C84-A7F6-9145A68C7E53}.Debug|Any CPU.Build.0 = Debug|Any CPU
		{8555B75C-3915-4C84-A7F6-9145A68C7E53}.Release|Any CPU.ActiveCfg = Release|Any CPU
		{8555B75C-3915-4C84-A7F6-9145A68C7E53}.Release|Any CPU.Build.0 = Release|Any CPU
		{A09FC3CC-6D40-4D1D-A0FB-B682C4D36ACE}.Debug|Any CPU.ActiveCfg = Debug|Any CPU
		{A09FC3CC-6D40-4D1D-A0FB-B682C4D36ACE}.Debug|Any CPU.Build.0 = Debug|Any CPU
		{A09FC3CC-6D40-4D1D-A0FB-B682C4D36ACE}.Release|Any CPU.ActiveCfg = Release|Any CPU
		{A09FC3CC-6D40-4D1D-A0FB-B682C4D36ACE}.Release|Any CPU.Build.0 = Release|Any CPU
	EndGlobalSection
	GlobalSection(SolutionProperties) = preSolution
		HideSolutionNode = FALSE
	EndGlobalSection
	GlobalSection(NestedProjects) = preSolution
		{554AD327-6DBA-4F8F-96F8-81CE7A0C863F} = {06F49DFF-153C-4DBB-BE22-C0DBB7FC9671}
		{1A94A50E-06DC-43C1-80B5-B662820EC3EB} = {FE3790D4-6608-4657-84C4-9AB959A6CE74}
		{C956DD76-69C8-4A9C-83EA-D17DF83340FD} = {B154E1CE-00F8-4D8E-AFB9-72A590B102F1}
		{50B2631D-129C-47B3-A587-029CCD6099BC} = {37CA788B-A833-41EA-898F-32AF25E7B343}
		{42F719ED-8413-4895-B5B4-5AB56079BC66} = {06F49DFF-153C-4DBB-BE22-C0DBB7FC9671}
		{520659C8-C734-4298-A3DA-B539DB9DFC0B} = {FE3790D4-6608-4657-84C4-9AB959A6CE74}
		{4164BDF7-F527-4E85-9CE6-E3C2D7426A27} = {FE3790D4-6608-4657-84C4-9AB959A6CE74}
		{3B5A0094-670D-4BB1-BFDD-61B88A8773DC} = {FE3790D4-6608-4657-84C4-9AB959A6CE74}
		{073C361E-B8F4-49F5-93CC-72A3FF49C026} = {3CF06084-371C-4C24-A002-57EF106F8662}
		{E6D5BF0E-DE92-4D82-A352-EF04B37CB11C} = {FE3790D4-6608-4657-84C4-9AB959A6CE74}
		{1FE30EB9-74A9-47F5-A9F6-7B1FAB672D81} = {BB41CB3A-8E1D-4FD7-A4E2-C7854C404ECD}
		{91853F21-9CD9-4132-BC29-A7D5D84FFFE7} = {BB41CB3A-8E1D-4FD7-A4E2-C7854C404ECD}
		{E512F4D9-9375-480F-A2F6-A46509F9D824} = {37CA788B-A833-41EA-898F-32AF25E7B343}
		{EF480016-9127-4916-8735-D2466BDBC582} = {BB41CB3A-8E1D-4FD7-A4E2-C7854C404ECD}
		{AA94D832-1CCC-4715-95A9-A483F23A1A5D} = {B154E1CE-00F8-4D8E-AFB9-72A590B102F1}
		{FE3790D4-6608-4657-84C4-9AB959A6CE74} = {CA9AC87F-097E-4F15-8393-4BC07735A5B0}
		{9D88B388-9A48-4127-A9E9-1F7C414A854A} = {CA9AC87F-097E-4F15-8393-4BC07735A5B0}
		{06F49DFF-153C-4DBB-BE22-C0DBB7FC9671} = {9D88B388-9A48-4127-A9E9-1F7C414A854A}
		{B154E1CE-00F8-4D8E-AFB9-72A590B102F1} = {9D88B388-9A48-4127-A9E9-1F7C414A854A}
		{3CF06084-371C-4C24-A002-57EF106F8662} = {CA9AC87F-097E-4F15-8393-4BC07735A5B0}
		{594B833F-BDFC-473E-B24D-FB0EA262EA00} = {CA9AC87F-097E-4F15-8393-4BC07735A5B0}
		{1E7925EE-A4E0-47A4-9A3F-8C0AD31F812C} = {594B833F-BDFC-473E-B24D-FB0EA262EA00}
		{099065BF-DBB1-4EB1-91AF-FFAE2923FBD2} = {594B833F-BDFC-473E-B24D-FB0EA262EA00}
		{2CD065A9-6572-4BC8-AEA1-F371EDAD1A98} = {594B833F-BDFC-473E-B24D-FB0EA262EA00}
		{20524C5A-689A-475F-8FDF-F59F42862955} = {594B833F-BDFC-473E-B24D-FB0EA262EA00}
		{4F387859-08AA-48F5-8310-F48223249AD3} = {594B833F-BDFC-473E-B24D-FB0EA262EA00}
		{37CA788B-A833-41EA-898F-32AF25E7B343} = {04DBDB01-70F4-4E06-B468-8F87850B22BE}
		{5A228963-2263-4C1C-9C21-0C9BB2684321} = {04DBDB01-70F4-4E06-B468-8F87850B22BE}
		{8555B75C-3915-4C84-A7F6-9145A68C7E53} = {5A228963-2263-4C1C-9C21-0C9BB2684321}
		{A09FC3CC-6D40-4D1D-A0FB-B682C4D36ACE} = {5A228963-2263-4C1C-9C21-0C9BB2684321}
		{BB41CB3A-8E1D-4FD7-A4E2-C7854C404ECD} = {04DBDB01-70F4-4E06-B468-8F87850B22BE}
	EndGlobalSection
	GlobalSection(ExtensibilityGlobals) = postSolution
		SolutionGuid = {28315BFD-90E7-4E14-A2EA-F3D23AF4126F}
	EndGlobalSection
EndGlobal
